<?xml version="1.0" encoding="utf-8"?>
<Project ToolsVersion="4.0" xmlns="http://schemas.microsoft.com/developer/msbuild/2003">
  <ItemGroup>
    <Filter Include="源文件">
      <UniqueIdentifier>{4FC737F1-C7A5-4376-A066-2A32D752A2FF}</UniqueIdentifier>
      <Extensions>cpp;c;cc;cxx;def;odl;idl;hpj;bat;asm;asmx</Extensions>
    </Filter>
    <Filter Include="头文件">
      <UniqueIdentifier>{93995380-89BD-4b04-88EB-625FBE52EBFB}</UniqueIdentifier>
      <Extensions>h;hh;hpp;hxx;hm;inl;inc;xsd</Extensions>
    </Filter>
    <Filter Include="资源文件">
      <UniqueIdentifier>{67DA6AB6-F800-4c08-8B7A-83BB121AAD01}</UniqueIdentifier>
      <Extensions>rc;ico;cur;bmp;dlg;rc2;rct;bin;rgs;gif;jpg;jpeg;jpe;resx;tiff;tif;png;wav;mfcribbon-ms</Extensions>
    </Filter>
    <Filter Include="Shaders">
      <UniqueIdentifier>{95d508d4-53e7-4e35-b71f-34915e076dce}</UniqueIdentifier>
    </Filter>
    <Filter Include="头文件\Graphics">
      <UniqueIdentifier>{839da314-485c-430b-a52e-4995b2eb393f}</UniqueIdentifier>
    </Filter>
    <Filter Include="头文件\Game">
      <UniqueIdentifier>{59b4958c-ec16-4726-afff-79857b5a57c5}</UniqueIdentifier>
    </Filter>
    <Filter Include="头文件\Core">
      <UniqueIdentifier>{f2bf80ec-4cea-49c4-a2c3-3370f7d09ecf}</UniqueIdentifier>
    </Filter>
    <Filter Include="头文件\Components">
      <UniqueIdentifier>{c1902c0a-8cb5-4515-9528-5704deb74627}</UniqueIdentifier>
    </Filter>
  </ItemGroup>
  <ItemGroup>
    <ClCompile Include="Client.cpp">
      <Filter>源文件</Filter>
    </ClCompile>
    <ClCompile Include="Graphics.cpp">
      <Filter>源文件</Filter>
    </ClCompile>
    <ClCompile Include="Application.cpp">
      <Filter>源文件</Filter>
    </ClCompile>
    <ClCompile Include="Engine.cpp">
      <Filter>源文件</Filter>
    </ClCompile>
    <ClCompile Include="RenderingSystem.cpp">
      <Filter>源文件</Filter>
    </ClCompile>
    <ClCompile Include="Player.cpp">
      <Filter>源文件</Filter>
    </ClCompile>
    <ClCompile Include="Message.cpp">
      <Filter>源文件</Filter>
    </ClCompile>
    <ClCompile Include="Game.cpp">
      <Filter>源文件</Filter>
    </ClCompile>
    <ClCompile Include="Input.cpp">
      <Filter>源文件</Filter>
    </ClCompile>
    <ClCompile Include="Camera.cpp">
      <Filter>源文件</Filter>
    </ClCompile>
    <ClCompile Include="InputHandler.cpp">
      <Filter>源文件</Filter>
    </ClCompile>
    <ClCompile Include="SimpleRenderer.cpp">
      <Filter>源文件</Filter>
    </ClCompile>
    <ClCompile Include="Entity.cpp">
      <Filter>源文件</Filter>
    </ClCompile>
  </ItemGroup>
  <ItemGroup>
    <ClInclude Include="Graphics.h">
      <Filter>头文件</Filter>
    </ClInclude>
    <ClInclude Include="Application.h">
      <Filter>头文件</Filter>
    </ClInclude>
    <ClInclude Include="GraphicsResourceManager.h">
      <Filter>头文件\Graphics</Filter>
    </ClInclude>
    <ClInclude Include="Vertex.h">
      <Filter>头文件\Graphics</Filter>
    </ClInclude>
    <ClInclude Include="Engine.h">
      <Filter>头文件\Core</Filter>
    </ClInclude>
    <ClInclude Include="Entity.h">
      <Filter>头文件\Core</Filter>
    </ClInclude>
    <ClInclude Include="Message.h">
      <Filter>头文件\Core</Filter>
    </ClInclude>
    <ClInclude Include="System.h">
      <Filter>头文件\Core</Filter>
    </ClInclude>
    <ClInclude Include="Game.h">
      <Filter>头文件\Core</Filter>
    </ClInclude>
    <ClInclude Include="RenderingSystem.h">
      <Filter>头文件\Core</Filter>
    </ClInclude>
    <ClInclude Include="Player.h">
      <Filter>头文件\Game</Filter>
    </ClInclude>
    <ClInclude Include="ComponentCollection.h">
      <Filter>头文件\Core</Filter>
    </ClInclude>
    <ClInclude Include="RawModel.h">
      <Filter>头文件\Core</Filter>
    </ClInclude>
    <ClInclude Include="Input.h">
      <Filter>头文件\Core</Filter>
    </ClInclude>
    <ClInclude Include="Camera.h">
      <Filter>头文件\Game</Filter>
    </ClInclude>
    <ClInclude Include="InputHandler.h">
      <Filter>头文件\Core</Filter>
    </ClInclude>
    <ClInclude Include="Shader.h">
      <Filter>头文件</Filter>
    </ClInclude>
    <ClInclude Include="SimpleRenderer.h">
      <Filter>头文件\Core</Filter>
    </ClInclude>
    <ClInclude Include="RenderingComponent.h">
      <Filter>头文件\Components</Filter>
    </ClInclude>
    <ClInclude Include="MovementComponent.h">
      <Filter>头文件\Components</Filter>
    </ClInclude>
  </ItemGroup>
  <ItemGroup>
    <FxCompile Include="shader.fx">
      <Filter>Shaders</Filter>
    </FxCompile>
    <FxCompile Include="shader_PS.hlsl">
      <Filter>Shaders</Filter>
    </FxCompile>
    <FxCompile Include="shader_VS.hlsl">
      <Filter>Shaders</Filter>
    </FxCompile>
  </ItemGroup>
</Project>